// !$*UTF8*$!
{
	archiveVersion = 1;
	classes = {
	};
	objectVersion = 46;
	objects = {

/* Begin PBXBuildFile section */
		01052F7B1BFBB516004FD454 /* Assets.xcassets in Resources */ = {isa = PBXBuildFile; fileRef = 015793941BF2597C0009D1F3 /* Assets.xcassets */; };
		01052F7C1BFBB518004FD454 /* Assets.xcassets in Resources */ = {isa = PBXBuildFile; fileRef = 015793941BF2597C0009D1F3 /* Assets.xcassets */; };
		010F99111BFC63EA00B491F7 /* OnBoarding.swift in Sources */ = {isa = PBXBuildFile; fileRef = 010F99101BFC63EA00B491F7 /* OnBoarding.swift */; };
		010F99121BFC6E2B00B491F7 /* OnBoarding.swift in Sources */ = {isa = PBXBuildFile; fileRef = 010F99101BFC63EA00B491F7 /* OnBoarding.swift */; };
		0112639D1BF27E7400FBC8D7 /* Obstacle.swift in Sources */ = {isa = PBXBuildFile; fileRef = 0112639C1BF27E7400FBC8D7 /* Obstacle.swift */; };
		0112639F1BF280B700FBC8D7 /* SKNodeUpdate.swift in Sources */ = {isa = PBXBuildFile; fileRef = 0112639E1BF280B700FBC8D7 /* SKNodeUpdate.swift */; };
		011263A11BF2816100FBC8D7 /* Dumpster.swift in Sources */ = {isa = PBXBuildFile; fileRef = 011263A01BF2816100FBC8D7 /* Dumpster.swift */; };
		011263A61BF2909A00FBC8D7 /* Player.swift in Sources */ = {isa = PBXBuildFile; fileRef = 011263A51BF2909A00FBC8D7 /* Player.swift */; };
		011263A91BF2932C00FBC8D7 /* GameManager.swift in Sources */ = {isa = PBXBuildFile; fileRef = 011263A81BF2932C00FBC8D7 /* GameManager.swift */; };
		011263AB1BF2A7F000FBC8D7 /* Background.swift in Sources */ = {isa = PBXBuildFile; fileRef = 011263AA1BF2A7F000FBC8D7 /* Background.swift */; };
		011263AD1BF2A7FF00FBC8D7 /* Ground.swift in Sources */ = {isa = PBXBuildFile; fileRef = 011263AC1BF2A7FF00FBC8D7 /* Ground.swift */; };
		011263AF1BF2A91300FBC8D7 /* Asphalt.swift in Sources */ = {isa = PBXBuildFile; fileRef = 011263AE1BF2A91300FBC8D7 /* Asphalt.swift */; };
		011263B11BF2AB0200FBC8D7 /* Sidewalk.swift in Sources */ = {isa = PBXBuildFile; fileRef = 011263B01BF2AB0200FBC8D7 /* Sidewalk.swift */; };
		011263B31BF2AF9D00FBC8D7 /* FrontBG.swift in Sources */ = {isa = PBXBuildFile; fileRef = 011263B21BF2AF9D00FBC8D7 /* FrontBG.swift */; };
		011263B51BF2B16A00FBC8D7 /* MidBG.swift in Sources */ = {isa = PBXBuildFile; fileRef = 011263B41BF2B16A00FBC8D7 /* MidBG.swift */; };
		011263B71BF2B1CC00FBC8D7 /* FarBG.swift in Sources */ = {isa = PBXBuildFile; fileRef = 011263B61BF2B1CC00FBC8D7 /* FarBG.swift */; };
		011263B91BF2B59D00FBC8D7 /* Backgrounds.swift in Sources */ = {isa = PBXBuildFile; fileRef = 011263B81BF2B59D00FBC8D7 /* Backgrounds.swift */; };
		011263BB1BF2B88900FBC8D7 /* Grounds.swift in Sources */ = {isa = PBXBuildFile; fileRef = 011263BA1BF2B88900FBC8D7 /* Grounds.swift */; };
		011263BF1BF2C5DB00FBC8D7 /* Movable.swift in Sources */ = {isa = PBXBuildFile; fileRef = 011263BE1BF2C5DB00FBC8D7 /* Movable.swift */; };
		011263C11BF2C78A00FBC8D7 /* Building.swift in Sources */ = {isa = PBXBuildFile; fileRef = 011263C01BF2C78A00FBC8D7 /* Building.swift */; };
		011263D01BF2E2BE00FBC8D7 /* TopCollider.swift in Sources */ = {isa = PBXBuildFile; fileRef = 011263CF1BF2E2BE00FBC8D7 /* TopCollider.swift */; };
		011263D21BF327C000FBC8D7 /* Utils.swift in Sources */ = {isa = PBXBuildFile; fileRef = 011263D11BF327C000FBC8D7 /* Utils.swift */; };
		011263D41BF32CCB00FBC8D7 /* Tree.swift in Sources */ = {isa = PBXBuildFile; fileRef = 011263D31BF32CCB00FBC8D7 /* Tree.swift */; };
		011263D61BF3350300FBC8D7 /* Cloud.swift in Sources */ = {isa = PBXBuildFile; fileRef = 011263D51BF3350300FBC8D7 /* Cloud.swift */; };
		0112642B1BF3FB6800FBC8D7 /* GameScene.swift in Sources */ = {isa = PBXBuildFile; fileRef = 0157938B1BF2597C0009D1F3 /* GameScene.swift */; };
		0112642C1BF3FB6800FBC8D7 /* MidBG.swift in Sources */ = {isa = PBXBuildFile; fileRef = 011263B41BF2B16A00FBC8D7 /* MidBG.swift */; };
		0112642D1BF3FB6800FBC8D7 /* Sidewalk.swift in Sources */ = {isa = PBXBuildFile; fileRef = 011263B01BF2AB0200FBC8D7 /* Sidewalk.swift */; };
		0112642E1BF3FB6800FBC8D7 /* GameManager.swift in Sources */ = {isa = PBXBuildFile; fileRef = 011263A81BF2932C00FBC8D7 /* GameManager.swift */; };
		0112642F1BF3FB6800FBC8D7 /* FarBG.swift in Sources */ = {isa = PBXBuildFile; fileRef = 011263B61BF2B1CC00FBC8D7 /* FarBG.swift */; };
		011264301BF3FB6800FBC8D7 /* GameViewController.swift in Sources */ = {isa = PBXBuildFile; fileRef = 0157938D1BF2597C0009D1F3 /* GameViewController.swift */; };
		011264311BF3FB6800FBC8D7 /* SKNodeUpdate.swift in Sources */ = {isa = PBXBuildFile; fileRef = 0112639E1BF280B700FBC8D7 /* SKNodeUpdate.swift */; };
		011264321BF3FB6800FBC8D7 /* TopCollider.swift in Sources */ = {isa = PBXBuildFile; fileRef = 011263CF1BF2E2BE00FBC8D7 /* TopCollider.swift */; };
		011264331BF3FB6800FBC8D7 /* Ground.swift in Sources */ = {isa = PBXBuildFile; fileRef = 011263AC1BF2A7FF00FBC8D7 /* Ground.swift */; };
		011264341BF3FB6800FBC8D7 /* Building.swift in Sources */ = {isa = PBXBuildFile; fileRef = 011263C01BF2C78A00FBC8D7 /* Building.swift */; };
		011264351BF3FB6800FBC8D7 /* Asphalt.swift in Sources */ = {isa = PBXBuildFile; fileRef = 011263AE1BF2A91300FBC8D7 /* Asphalt.swift */; };
		011264361BF3FB6800FBC8D7 /* Dumpster.swift in Sources */ = {isa = PBXBuildFile; fileRef = 011263A01BF2816100FBC8D7 /* Dumpster.swift */; };
		011264371BF3FB6800FBC8D7 /* Background.swift in Sources */ = {isa = PBXBuildFile; fileRef = 011263AA1BF2A7F000FBC8D7 /* Background.swift */; };
		011264381BF3FB6800FBC8D7 /* Cloud.swift in Sources */ = {isa = PBXBuildFile; fileRef = 011263D51BF3350300FBC8D7 /* Cloud.swift */; };
		011264391BF3FB6800FBC8D7 /* FrontBG.swift in Sources */ = {isa = PBXBuildFile; fileRef = 011263B21BF2AF9D00FBC8D7 /* FrontBG.swift */; };
		0112643A1BF3FB6800FBC8D7 /* Movable.swift in Sources */ = {isa = PBXBuildFile; fileRef = 011263BE1BF2C5DB00FBC8D7 /* Movable.swift */; };
		0112643B1BF3FB6800FBC8D7 /* Player.swift in Sources */ = {isa = PBXBuildFile; fileRef = 011263A51BF2909A00FBC8D7 /* Player.swift */; };
		0112643C1BF3FB6800FBC8D7 /* Obstacle.swift in Sources */ = {isa = PBXBuildFile; fileRef = 0112639C1BF27E7400FBC8D7 /* Obstacle.swift */; };
		0112643D1BF3FB6800FBC8D7 /* Tree.swift in Sources */ = {isa = PBXBuildFile; fileRef = 011263D31BF32CCB00FBC8D7 /* Tree.swift */; };
		0112643E1BF3FB6800FBC8D7 /* Utils.swift in Sources */ = {isa = PBXBuildFile; fileRef = 011263D11BF327C000FBC8D7 /* Utils.swift */; };
		0112643F1BF3FB6800FBC8D7 /* AppDelegate.swift in Sources */ = {isa = PBXBuildFile; fileRef = 015793871BF2597C0009D1F3 /* AppDelegate.swift */; };
		011264401BF3FB6800FBC8D7 /* Backgrounds.swift in Sources */ = {isa = PBXBuildFile; fileRef = 011263B81BF2B59D00FBC8D7 /* Backgrounds.swift */; };
		011264411BF3FB6800FBC8D7 /* Grounds.swift in Sources */ = {isa = PBXBuildFile; fileRef = 011263BA1BF2B88900FBC8D7 /* Grounds.swift */; };
		0112644D1BF3FB6800FBC8D7 /* Game.xcassets in Resources */ = {isa = PBXBuildFile; fileRef = 0157938F1BF2597C0009D1F3 /* Game.xcassets */; };
		011264551BF402CE00FBC8D7 /* Main-Iphone.storyboard in Resources */ = {isa = PBXBuildFile; fileRef = 011264531BF4013400FBC8D7 /* Main-Iphone.storyboard */; };
		011EB6391BF408010005F457 /* GameScene.sks in Resources */ = {isa = PBXBuildFile; fileRef = 015793891BF2597C0009D1F3 /* GameScene.sks */; };
		011EB63A1BF4080C0005F457 /* GameScene.sks in Resources */ = {isa = PBXBuildFile; fileRef = 015793891BF2597C0009D1F3 /* GameScene.sks */; };
		01329FFC1BFBA0CA006B6619 /* PressStart2P-Regular.ttf in Resources */ = {isa = PBXBuildFile; fileRef = 01329FFB1BFBA0CA006B6619 /* PressStart2P-Regular.ttf */; };
		01329FFD1BFBA0CA006B6619 /* PressStart2P-Regular.ttf in Resources */ = {isa = PBXBuildFile; fileRef = 01329FFB1BFBA0CA006B6619 /* PressStart2P-Regular.ttf */; };
		014352451BF4552A0089BD2C /* musicMain.wav in Resources */ = {isa = PBXBuildFile; fileRef = 0143523F1BF4552A0089BD2C /* musicMain.wav */; };
		014352461BF4552A0089BD2C /* musicMain.wav in Resources */ = {isa = PBXBuildFile; fileRef = 0143523F1BF4552A0089BD2C /* musicMain.wav */; };
		014352471BF4552A0089BD2C /* sfxButtonPress.wav in Resources */ = {isa = PBXBuildFile; fileRef = 014352401BF4552A0089BD2C /* sfxButtonPress.wav */; };
		014352481BF4552A0089BD2C /* sfxButtonPress.wav in Resources */ = {isa = PBXBuildFile; fileRef = 014352401BF4552A0089BD2C /* sfxButtonPress.wav */; };
		014352491BF4552A0089BD2C /* sfxCrash.wav in Resources */ = {isa = PBXBuildFile; fileRef = 014352411BF4552A0089BD2C /* sfxCrash.wav */; };
		0143524A1BF4552A0089BD2C /* sfxCrash.wav in Resources */ = {isa = PBXBuildFile; fileRef = 014352411BF4552A0089BD2C /* sfxCrash.wav */; };
		0143524B1BF4552A0089BD2C /* sfxGameOver.wav in Resources */ = {isa = PBXBuildFile; fileRef = 014352421BF4552A0089BD2C /* sfxGameOver.wav */; };
		0143524C1BF4552A0089BD2C /* sfxGameOver.wav in Resources */ = {isa = PBXBuildFile; fileRef = 014352421BF4552A0089BD2C /* sfxGameOver.wav */; };
		0143524D1BF4552A0089BD2C /* sfxOllie.wav in Resources */ = {isa = PBXBuildFile; fileRef = 014352431BF4552A0089BD2C /* sfxOllie.wav */; };
		0143524E1BF4552A0089BD2C /* sfxOllie.wav in Resources */ = {isa = PBXBuildFile; fileRef = 014352431BF4552A0089BD2C /* sfxOllie.wav */; };
		0143524F1BF4552A0089BD2C /* sfxSkateOrDie.wav in Resources */ = {isa = PBXBuildFile; fileRef = 014352441BF4552A0089BD2C /* sfxSkateOrDie.wav */; };
		014352501BF4552A0089BD2C /* sfxSkateOrDie.wav in Resources */ = {isa = PBXBuildFile; fileRef = 014352441BF4552A0089BD2C /* sfxSkateOrDie.wav */; };
		015793881BF2597C0009D1F3 /* AppDelegate.swift in Sources */ = {isa = PBXBuildFile; fileRef = 015793871BF2597C0009D1F3 /* AppDelegate.swift */; };
		0157938C1BF2597C0009D1F3 /* GameScene.swift in Sources */ = {isa = PBXBuildFile; fileRef = 0157938B1BF2597C0009D1F3 /* GameScene.swift */; };
		0157938E1BF2597C0009D1F3 /* GameViewController.swift in Sources */ = {isa = PBXBuildFile; fileRef = 0157938D1BF2597C0009D1F3 /* GameViewController.swift */; };
		015793901BF2597C0009D1F3 /* Game.xcassets in Resources */ = {isa = PBXBuildFile; fileRef = 0157938F1BF2597C0009D1F3 /* Game.xcassets */; };
		015793931BF2597C0009D1F3 /* Main.storyboard in Resources */ = {isa = PBXBuildFile; fileRef = 015793911BF2597C0009D1F3 /* Main.storyboard */; };
		01625AAC1BF4538D0069C339 /* Launch Screen.storyboard in Resources */ = {isa = PBXBuildFile; fileRef = 01625AAB1BF4538D0069C339 /* Launch Screen.storyboard */; };
		016B24B01BF656DB0031ABE4 /* AudioManager.swift in Sources */ = {isa = PBXBuildFile; fileRef = 016B24AF1BF656DB0031ABE4 /* AudioManager.swift */; };
		016B24B21BF80E9F0031ABE4 /* FireHydrant.swift in Sources */ = {isa = PBXBuildFile; fileRef = 016B24B11BF80E9F0031ABE4 /* FireHydrant.swift */; };
		016B24B41BF8128A0031ABE4 /* Ledge.swift in Sources */ = {isa = PBXBuildFile; fileRef = 016B24B31BF8128A0031ABE4 /* Ledge.swift */; };
		016B24B61BF812BF0031ABE4 /* Rail.swift in Sources */ = {isa = PBXBuildFile; fileRef = 016B24B51BF812BF0031ABE4 /* Rail.swift */; };
		019968E11BF9590B00039E54 /* Random.swift in Sources */ = {isa = PBXBuildFile; fileRef = 019968E01BF9590B00039E54 /* Random.swift */; };
		019968E31BF98DAC00039E54 /* AudioManager.swift in Sources */ = {isa = PBXBuildFile; fileRef = 016B24AF1BF656DB0031ABE4 /* AudioManager.swift */; };
		019968E41BF98DEF00039E54 /* Random.swift in Sources */ = {isa = PBXBuildFile; fileRef = 019968E01BF9590B00039E54 /* Random.swift */; };
		019968E51BF98E4900039E54 /* Ledge.swift in Sources */ = {isa = PBXBuildFile; fileRef = 016B24B31BF8128A0031ABE4 /* Ledge.swift */; };
		019968E61BF98E4C00039E54 /* Rail.swift in Sources */ = {isa = PBXBuildFile; fileRef = 016B24B51BF812BF0031ABE4 /* Rail.swift */; };
		019968E71BF98E5A00039E54 /* FireHydrant.swift in Sources */ = {isa = PBXBuildFile; fileRef = 016B24B11BF80E9F0031ABE4 /* FireHydrant.swift */; };
/* End PBXBuildFile section */

/* Begin PBXFileReference section */
		010F99101BFC63EA00B491F7 /* OnBoarding.swift */ = {isa = PBXFileReference; fileEncoding = 4; lastKnownFileType = sourcecode.swift; path = OnBoarding.swift; sourceTree = "<group>"; };
		0112639C1BF27E7400FBC8D7 /* Obstacle.swift */ = {isa = PBXFileReference; fileEncoding = 4; lastKnownFileType = sourcecode.swift; path = Obstacle.swift; sourceTree = "<group>"; };
		0112639E1BF280B700FBC8D7 /* SKNodeUpdate.swift */ = {isa = PBXFileReference; fileEncoding = 4; lastKnownFileType = sourcecode.swift; path = SKNodeUpdate.swift; sourceTree = "<group>"; };
		011263A01BF2816100FBC8D7 /* Dumpster.swift */ = {isa = PBXFileReference; fileEncoding = 4; lastKnownFileType = sourcecode.swift; path = Dumpster.swift; sourceTree = "<group>"; };
		011263A51BF2909A00FBC8D7 /* Player.swift */ = {isa = PBXFileReference; fileEncoding = 4; lastKnownFileType = sourcecode.swift; path = Player.swift; sourceTree = "<group>"; };
		011263A81BF2932C00FBC8D7 /* GameManager.swift */ = {isa = PBXFileReference; fileEncoding = 4; lastKnownFileType = sourcecode.swift; path = GameManager.swift; sourceTree = "<group>"; };
		011263AA1BF2A7F000FBC8D7 /* Background.swift */ = {isa = PBXFileReference; fileEncoding = 4; lastKnownFileType = sourcecode.swift; path = Background.swift; sourceTree = "<group>"; };
		011263AC1BF2A7FF00FBC8D7 /* Ground.swift */ = {isa = PBXFileReference; fileEncoding = 4; lastKnownFileType = sourcecode.swift; path = Ground.swift; sourceTree = "<group>"; };
		011263AE1BF2A91300FBC8D7 /* Asphalt.swift */ = {isa = PBXFileReference; fileEncoding = 4; lastKnownFileType = sourcecode.swift; path = Asphalt.swift; sourceTree = "<group>"; };
		011263B01BF2AB0200FBC8D7 /* Sidewalk.swift */ = {isa = PBXFileReference; fileEncoding = 4; lastKnownFileType = sourcecode.swift; path = Sidewalk.swift; sourceTree = "<group>"; };
		011263B21BF2AF9D00FBC8D7 /* FrontBG.swift */ = {isa = PBXFileReference; fileEncoding = 4; lastKnownFileType = sourcecode.swift; path = FrontBG.swift; sourceTree = "<group>"; };
		011263B41BF2B16A00FBC8D7 /* MidBG.swift */ = {isa = PBXFileReference; fileEncoding = 4; lastKnownFileType = sourcecode.swift; path = MidBG.swift; sourceTree = "<group>"; };
		011263B61BF2B1CC00FBC8D7 /* FarBG.swift */ = {isa = PBXFileReference; fileEncoding = 4; lastKnownFileType = sourcecode.swift; path = FarBG.swift; sourceTree = "<group>"; };
		011263B81BF2B59D00FBC8D7 /* Backgrounds.swift */ = {isa = PBXFileReference; fileEncoding = 4; lastKnownFileType = sourcecode.swift; path = Backgrounds.swift; sourceTree = "<group>"; };
		011263BA1BF2B88900FBC8D7 /* Grounds.swift */ = {isa = PBXFileReference; fileEncoding = 4; lastKnownFileType = sourcecode.swift; path = Grounds.swift; sourceTree = "<group>"; };
		011263BE1BF2C5DB00FBC8D7 /* Movable.swift */ = {isa = PBXFileReference; fileEncoding = 4; lastKnownFileType = sourcecode.swift; path = Movable.swift; sourceTree = "<group>"; };
		011263C01BF2C78A00FBC8D7 /* Building.swift */ = {isa = PBXFileReference; fileEncoding = 4; lastKnownFileType = sourcecode.swift; path = Building.swift; sourceTree = "<group>"; };
		011263CF1BF2E2BE00FBC8D7 /* TopCollider.swift */ = {isa = PBXFileReference; fileEncoding = 4; lastKnownFileType = sourcecode.swift; path = TopCollider.swift; sourceTree = "<group>"; };
		011263D11BF327C000FBC8D7 /* Utils.swift */ = {isa = PBXFileReference; fileEncoding = 4; lastKnownFileType = sourcecode.swift; path = Utils.swift; sourceTree = "<group>"; };
		011263D31BF32CCB00FBC8D7 /* Tree.swift */ = {isa = PBXFileReference; fileEncoding = 4; lastKnownFileType = sourcecode.swift; path = Tree.swift; sourceTree = "<group>"; };
		011263D51BF3350300FBC8D7 /* Cloud.swift */ = {isa = PBXFileReference; fileEncoding = 4; lastKnownFileType = sourcecode.swift; path = Cloud.swift; sourceTree = "<group>"; };
		011264511BF3FB6800FBC8D7 /* RetroSkate.app */ = {isa = PBXFileReference; explicitFileType = wrapper.application; includeInIndex = 0; path = RetroSkate.app; sourceTree = BUILT_PRODUCTS_DIR; };
		011264521BF3FB6800FBC8D7 /* iphone.plist */ = {isa = PBXFileReference; lastKnownFileType = text.plist.xml; path = iphone.plist; sourceTree = "<group>"; };
		011264531BF4013400FBC8D7 /* Main-Iphone.storyboard */ = {isa = PBXFileReference; fileEncoding = 4; lastKnownFileType = file.storyboard; path = "Main-Iphone.storyboard"; sourceTree = "<group>"; };
		01329FFB1BFBA0CA006B6619 /* PressStart2P-Regular.ttf */ = {isa = PBXFileReference; lastKnownFileType = file; path = "PressStart2P-Regular.ttf"; sourceTree = "<group>"; };
		0143523F1BF4552A0089BD2C /* musicMain.wav */ = {isa = PBXFileReference; lastKnownFileType = audio.wav; path = musicMain.wav; sourceTree = "<group>"; };
		014352401BF4552A0089BD2C /* sfxButtonPress.wav */ = {isa = PBXFileReference; lastKnownFileType = audio.wav; path = sfxButtonPress.wav; sourceTree = "<group>"; };
		014352411BF4552A0089BD2C /* sfxCrash.wav */ = {isa = PBXFileReference; lastKnownFileType = audio.wav; path = sfxCrash.wav; sourceTree = "<group>"; };
		014352421BF4552A0089BD2C /* sfxGameOver.wav */ = {isa = PBXFileReference; lastKnownFileType = audio.wav; path = sfxGameOver.wav; sourceTree = "<group>"; };
		014352431BF4552A0089BD2C /* sfxOllie.wav */ = {isa = PBXFileReference; lastKnownFileType = audio.wav; path = sfxOllie.wav; sourceTree = "<group>"; };
		014352441BF4552A0089BD2C /* sfxSkateOrDie.wav */ = {isa = PBXFileReference; lastKnownFileType = audio.wav; path = sfxSkateOrDie.wav; sourceTree = "<group>"; };
		015793841BF2597C0009D1F3 /* RetroSkate.app */ = {isa = PBXFileReference; explicitFileType = wrapper.application; includeInIndex = 0; path = RetroSkate.app; sourceTree = BUILT_PRODUCTS_DIR; };
		015793871BF2597C0009D1F3 /* AppDelegate.swift */ = {isa = PBXFileReference; lastKnownFileType = sourcecode.swift; path = AppDelegate.swift; sourceTree = "<group>"; };
		015793891BF2597C0009D1F3 /* GameScene.sks */ = {isa = PBXFileReference; lastKnownFileType = file.sks; path = GameScene.sks; sourceTree = "<group>"; };
		0157938B1BF2597C0009D1F3 /* GameScene.swift */ = {isa = PBXFileReference; lastKnownFileType = sourcecode.swift; path = GameScene.swift; sourceTree = "<group>"; };
		0157938D1BF2597C0009D1F3 /* GameViewController.swift */ = {isa = PBXFileReference; lastKnownFileType = sourcecode.swift; path = GameViewController.swift; sourceTree = "<group>"; };
		0157938F1BF2597C0009D1F3 /* Game.xcassets */ = {isa = PBXFileReference; lastKnownFileType = folder.assetcatalog; path = Game.xcassets; sourceTree = "<group>"; };
		015793921BF2597C0009D1F3 /* Base */ = {isa = PBXFileReference; lastKnownFileType = file.storyboard; name = Base; path = Base.lproj/Main.storyboard; sourceTree = "<group>"; };
		015793941BF2597C0009D1F3 /* Assets.xcassets */ = {isa = PBXFileReference; lastKnownFileType = folder.assetcatalog; path = Assets.xcassets; sourceTree = "<group>"; };
		015793961BF2597C0009D1F3 /* Info.plist */ = {isa = PBXFileReference; lastKnownFileType = text.plist.xml; path = Info.plist; sourceTree = "<group>"; };
		01625AAB1BF4538D0069C339 /* Launch Screen.storyboard */ = {isa = PBXFileReference; fileEncoding = 4; lastKnownFileType = file.storyboard; path = "Launch Screen.storyboard"; sourceTree = "<group>"; };
		016B24AF1BF656DB0031ABE4 /* AudioManager.swift */ = {isa = PBXFileReference; fileEncoding = 4; lastKnownFileType = sourcecode.swift; path = AudioManager.swift; sourceTree = "<group>"; };
		016B24B11BF80E9F0031ABE4 /* FireHydrant.swift */ = {isa = PBXFileReference; fileEncoding = 4; lastKnownFileType = sourcecode.swift; path = FireHydrant.swift; sourceTree = "<group>"; };
		016B24B31BF8128A0031ABE4 /* Ledge.swift */ = {isa = PBXFileReference; fileEncoding = 4; lastKnownFileType = sourcecode.swift; path = Ledge.swift; sourceTree = "<group>"; };
		016B24B51BF812BF0031ABE4 /* Rail.swift */ = {isa = PBXFileReference; fileEncoding = 4; lastKnownFileType = sourcecode.swift; path = Rail.swift; sourceTree = "<group>"; };
		019968E01BF9590B00039E54 /* Random.swift */ = {isa = PBXFileReference; fileEncoding = 4; lastKnownFileType = sourcecode.swift; path = Random.swift; sourceTree = "<group>"; };
/* End PBXFileReference section */

/* Begin PBXFrameworksBuildPhase section */
		011264421BF3FB6800FBC8D7 /* Frameworks */ = {
			isa = PBXFrameworksBuildPhase;
			buildActionMask = 2147483647;
			files = (
			);
			runOnlyForDeploymentPostprocessing = 0;
		};
		015793811BF2597C0009D1F3 /* Frameworks */ = {
			isa = PBXFrameworksBuildPhase;
			buildActionMask = 2147483647;
			files = (
			);
			runOnlyForDeploymentPostprocessing = 0;
		};
/* End PBXFrameworksBuildPhase section */

/* Begin PBXGroup section */
		011263A21BF2827E00FBC8D7 /* GameObjects */ = {
			isa = PBXGroup;
			children = (
				016B24B71BF90B4A0031ABE4 /* Colliders */,
				016B24AE1BF5B4D00031ABE4 /* Obstacles */,
				016B24AD1BF5B48E0031ABE4 /* Scenery */,
				011263BD1BF2C55400FBC8D7 /* Ground */,
				011263BC1BF2C53B00FBC8D7 /* Background */,
				011263A51BF2909A00FBC8D7 /* Player.swift */,
				011263BE1BF2C5DB00FBC8D7 /* Movable.swift */,
			);
			name = GameObjects;
			sourceTree = "<group>";
		};
		011263A31BF2828E00FBC8D7 /* Extensions */ = {
			isa = PBXGroup;
			children = (
				0112639E1BF280B700FBC8D7 /* SKNodeUpdate.swift */,
				019968E01BF9590B00039E54 /* Random.swift */,
			);
			name = Extensions;
			sourceTree = "<group>";
		};
		011263A41BF2829B00FBC8D7 /* Scenes */ = {
			isa = PBXGroup;
			children = (
				015793891BF2597C0009D1F3 /* GameScene.sks */,
				0157938B1BF2597C0009D1F3 /* GameScene.swift */,
				010F99101BFC63EA00B491F7 /* OnBoarding.swift */,
			);
			name = Scenes;
			sourceTree = "<group>";
		};
		011263A71BF2931D00FBC8D7 /* Services */ = {
			isa = PBXGroup;
			children = (
				011263A81BF2932C00FBC8D7 /* GameManager.swift */,
				011263D11BF327C000FBC8D7 /* Utils.swift */,
				016B24AF1BF656DB0031ABE4 /* AudioManager.swift */,
			);
			name = Services;
			sourceTree = "<group>";
		};
		011263BC1BF2C53B00FBC8D7 /* Background */ = {
			isa = PBXGroup;
			children = (
				011263AA1BF2A7F000FBC8D7 /* Background.swift */,
				011263B21BF2AF9D00FBC8D7 /* FrontBG.swift */,
				011263B41BF2B16A00FBC8D7 /* MidBG.swift */,
				011263B61BF2B1CC00FBC8D7 /* FarBG.swift */,
				011263B81BF2B59D00FBC8D7 /* Backgrounds.swift */,
			);
			name = Background;
			sourceTree = "<group>";
		};
		011263BD1BF2C55400FBC8D7 /* Ground */ = {
			isa = PBXGroup;
			children = (
				011263AC1BF2A7FF00FBC8D7 /* Ground.swift */,
				011263AE1BF2A91300FBC8D7 /* Asphalt.swift */,
				011263B01BF2AB0200FBC8D7 /* Sidewalk.swift */,
				011263BA1BF2B88900FBC8D7 /* Grounds.swift */,
			);
			name = Ground;
			sourceTree = "<group>";
		};
		011263C21BF2DE9700FBC8D7 /* Audio */ = {
			isa = PBXGroup;
			children = (
				0143523F1BF4552A0089BD2C /* musicMain.wav */,
				014352401BF4552A0089BD2C /* sfxButtonPress.wav */,
				014352411BF4552A0089BD2C /* sfxCrash.wav */,
				014352421BF4552A0089BD2C /* sfxGameOver.wav */,
				014352431BF4552A0089BD2C /* sfxOllie.wav */,
				014352441BF4552A0089BD2C /* sfxSkateOrDie.wav */,
			);
			name = Audio;
			sourceTree = "<group>";
		};
		01329FFA1BFBA0B1006B6619 /* Resources */ = {
			isa = PBXGroup;
			children = (
				01329FFB1BFBA0CA006B6619 /* PressStart2P-Regular.ttf */,
				0157938F1BF2597C0009D1F3 /* Game.xcassets */,
				015793941BF2597C0009D1F3 /* Assets.xcassets */,
			);
			name = Resources;
			sourceTree = "<group>";
		};
		0157937B1BF2597C0009D1F3 = {
			isa = PBXGroup;
			children = (
				015793861BF2597C0009D1F3 /* RetroSkate */,
				015793851BF2597C0009D1F3 /* Products */,
			);
			sourceTree = "<group>";
		};
		015793851BF2597C0009D1F3 /* Products */ = {
			isa = PBXGroup;
			children = (
				015793841BF2597C0009D1F3 /* RetroSkate.app */,
				011264511BF3FB6800FBC8D7 /* RetroSkate.app */,
			);
			name = Products;
			sourceTree = "<group>";
		};
		015793861BF2597C0009D1F3 /* RetroSkate */ = {
			isa = PBXGroup;
			children = (
				01329FFA1BFBA0B1006B6619 /* Resources */,
				016B24AC1BF5B45D0031ABE4 /* SupportFiles */,
				011263C21BF2DE9700FBC8D7 /* Audio */,
				011263A71BF2931D00FBC8D7 /* Services */,
				011263A41BF2829B00FBC8D7 /* Scenes */,
				011263A31BF2828E00FBC8D7 /* Extensions */,
				011263A21BF2827E00FBC8D7 /* GameObjects */,
				015793871BF2597C0009D1F3 /* AppDelegate.swift */,
				0157938D1BF2597C0009D1F3 /* GameViewController.swift */,
				015793911BF2597C0009D1F3 /* Main.storyboard */,
				011264531BF4013400FBC8D7 /* Main-Iphone.storyboard */,
				01625AAB1BF4538D0069C339 /* Launch Screen.storyboard */,
			);
			path = RetroSkate;
			sourceTree = "<group>";
		};
		016B24AC1BF5B45D0031ABE4 /* SupportFiles */ = {
			isa = PBXGroup;
			children = (
				011264521BF3FB6800FBC8D7 /* iphone.plist */,
				015793961BF2597C0009D1F3 /* Info.plist */,
			);
			name = SupportFiles;
			sourceTree = "<group>";
		};
		016B24AD1BF5B48E0031ABE4 /* Scenery */ = {
			isa = PBXGroup;
			children = (
				011263D31BF32CCB00FBC8D7 /* Tree.swift */,
				011263D51BF3350300FBC8D7 /* Cloud.swift */,
				011263C01BF2C78A00FBC8D7 /* Building.swift */,
				016B24B11BF80E9F0031ABE4 /* FireHydrant.swift */,
			);
			name = Scenery;
			sourceTree = "<group>";
		};
		016B24AE1BF5B4D00031ABE4 /* Obstacles */ = {
			isa = PBXGroup;
			children = (
				0112639C1BF27E7400FBC8D7 /* Obstacle.swift */,
				011263A01BF2816100FBC8D7 /* Dumpster.swift */,
				016B24B31BF8128A0031ABE4 /* Ledge.swift */,
				016B24B51BF812BF0031ABE4 /* Rail.swift */,
			);
			name = Obstacles;
			sourceTree = "<group>";
		};
		016B24B71BF90B4A0031ABE4 /* Colliders */ = {
			isa = PBXGroup;
			children = (
				011263CF1BF2E2BE00FBC8D7 /* TopCollider.swift */,
			);
			name = Colliders;
			sourceTree = "<group>";
		};
/* End PBXGroup section */

/* Begin PBXNativeTarget section */
		011264291BF3FB6800FBC8D7 /* RetroSkate-Iphone */ = {
			isa = PBXNativeTarget;
			buildConfigurationList = 0112644E1BF3FB6800FBC8D7 /* Build configuration list for PBXNativeTarget "RetroSkate-Iphone" */;
			buildPhases = (
				0112642A1BF3FB6800FBC8D7 /* Sources */,
				011264421BF3FB6800FBC8D7 /* Frameworks */,
				011264431BF3FB6800FBC8D7 /* Resources */,
			);
			buildRules = (
			);
			dependencies = (
			);
			name = "RetroSkate-Iphone";
			productName = Game;
			productReference = 011264511BF3FB6800FBC8D7 /* RetroSkate.app */;
			productType = "com.apple.product-type.application";
		};
		015793831BF2597C0009D1F3 /* RetroSkate */ = {
			isa = PBXNativeTarget;
			buildConfigurationList = 015793991BF2597C0009D1F3 /* Build configuration list for PBXNativeTarget "RetroSkate" */;
			buildPhases = (
				015793801BF2597C0009D1F3 /* Sources */,
				015793811BF2597C0009D1F3 /* Frameworks */,
				015793821BF2597C0009D1F3 /* Resources */,
			);
			buildRules = (
			);
			dependencies = (
			);
			name = RetroSkate;
			productName = Game;
			productReference = 015793841BF2597C0009D1F3 /* RetroSkate.app */;
			productType = "com.apple.product-type.application";
		};
/* End PBXNativeTarget section */

/* Begin PBXProject section */
		0157937C1BF2597C0009D1F3 /* Project object */ = {
			isa = PBXProject;
			attributes = {
				LastSwiftUpdateCheck = 0710;
				LastUpgradeCheck = 0710;
				ORGANIZATIONNAME = "Nicholas Pettas";
				TargetAttributes = {
					011264291BF3FB6800FBC8D7 = {
						DevelopmentTeam = 589F3F86QL;
					};
					015793831BF2597C0009D1F3 = {
						CreatedOnToolsVersion = 7.1;
						DevelopmentTeam = 589F3F86QL;
					};
				};
			};
			buildConfigurationList = 0157937F1BF2597C0009D1F3 /* Build configuration list for PBXProject "RetroSkate" */;
			compatibilityVersion = "Xcode 3.2";
			developmentRegion = English;
			hasScannedForEncodings = 0;
			knownRegions = (
				en,
				Base,
			);
			mainGroup = 0157937B1BF2597C0009D1F3;
			productRefGroup = 015793851BF2597C0009D1F3 /* Products */;
			projectDirPath = "";
			projectRoot = "";
			targets = (
				015793831BF2597C0009D1F3 /* RetroSkate */,
				011264291BF3FB6800FBC8D7 /* RetroSkate-Iphone */,
			);
		};
/* End PBXProject section */

/* Begin PBXResourcesBuildPhase section */
		011264431BF3FB6800FBC8D7 /* Resources */ = {
			isa = PBXResourcesBuildPhase;
			buildActionMask = 2147483647;
			files = (
				01329FFD1BFBA0CA006B6619 /* PressStart2P-Regular.ttf in Resources */,
				0143524C1BF4552A0089BD2C /* sfxGameOver.wav in Resources */,
				014352501BF4552A0089BD2C /* sfxSkateOrDie.wav in Resources */,
				011EB63A1BF4080C0005F457 /* GameScene.sks in Resources */,
				0143524A1BF4552A0089BD2C /* sfxCrash.wav in Resources */,
				011264551BF402CE00FBC8D7 /* Main-Iphone.storyboard in Resources */,
				014352481BF4552A0089BD2C /* sfxButtonPress.wav in Resources */,
				01625AAC1BF4538D0069C339 /* Launch Screen.storyboard in Resources */,
				0112644D1BF3FB6800FBC8D7 /* Game.xcassets in Resources */,
				0143524E1BF4552A0089BD2C /* sfxOllie.wav in Resources */,
				01052F7B1BFBB516004FD454 /* Assets.xcassets in Resources */,
				014352461BF4552A0089BD2C /* musicMain.wav in Resources */,
			);
			runOnlyForDeploymentPostprocessing = 0;
		};
		015793821BF2597C0009D1F3 /* Resources */ = {
			isa = PBXResourcesBuildPhase;
			buildActionMask = 2147483647;
			files = (
				014352471BF4552A0089BD2C /* sfxButtonPress.wav in Resources */,
				014352491BF4552A0089BD2C /* sfxCrash.wav in Resources */,
				01052F7C1BFBB518004FD454 /* Assets.xcassets in Resources */,
				0143524B1BF4552A0089BD2C /* sfxGameOver.wav in Resources */,
				0143524F1BF4552A0089BD2C /* sfxSkateOrDie.wav in Resources */,
				015793931BF2597C0009D1F3 /* Main.storyboard in Resources */,
				011EB6391BF408010005F457 /* GameScene.sks in Resources */,
				0143524D1BF4552A0089BD2C /* sfxOllie.wav in Resources */,
				014352451BF4552A0089BD2C /* musicMain.wav in Resources */,
				015793901BF2597C0009D1F3 /* Game.xcassets in Resources */,
				01329FFC1BFBA0CA006B6619 /* PressStart2P-Regular.ttf in Resources */,
			);
			runOnlyForDeploymentPostprocessing = 0;
		};
/* End PBXResourcesBuildPhase section */

/* Begin PBXSourcesBuildPhase section */
		0112642A1BF3FB6800FBC8D7 /* Sources */ = {
			isa = PBXSourcesBuildPhase;
			buildActionMask = 2147483647;
			files = (
				0112642B1BF3FB6800FBC8D7 /* GameScene.swift in Sources */,
				0112642C1BF3FB6800FBC8D7 /* MidBG.swift in Sources */,
				0112642D1BF3FB6800FBC8D7 /* Sidewalk.swift in Sources */,
				0112642E1BF3FB6800FBC8D7 /* GameManager.swift in Sources */,
				0112642F1BF3FB6800FBC8D7 /* FarBG.swift in Sources */,
				019968E51BF98E4900039E54 /* Ledge.swift in Sources */,
				011264301BF3FB6800FBC8D7 /* GameViewController.swift in Sources */,
				011264311BF3FB6800FBC8D7 /* SKNodeUpdate.swift in Sources */,
				011264321BF3FB6800FBC8D7 /* TopCollider.swift in Sources */,
				011264331BF3FB6800FBC8D7 /* Ground.swift in Sources */,
				011264341BF3FB6800FBC8D7 /* Building.swift in Sources */,
				011264351BF3FB6800FBC8D7 /* Asphalt.swift in Sources */,
				011264361BF3FB6800FBC8D7 /* Dumpster.swift in Sources */,
				011264371BF3FB6800FBC8D7 /* Background.swift in Sources */,
				011264381BF3FB6800FBC8D7 /* Cloud.swift in Sources */,
				011264391BF3FB6800FBC8D7 /* FrontBG.swift in Sources */,
				019968E71BF98E5A00039E54 /* FireHydrant.swift in Sources */,
				0112643A1BF3FB6800FBC8D7 /* Movable.swift in Sources */,
				0112643B1BF3FB6800FBC8D7 /* Player.swift in Sources */,
				0112643C1BF3FB6800FBC8D7 /* Obstacle.swift in Sources */,
				019968E31BF98DAC00039E54 /* AudioManager.swift in Sources */,
				0112643D1BF3FB6800FBC8D7 /* Tree.swift in Sources */,
				010F99121BFC6E2B00B491F7 /* OnBoarding.swift in Sources */,
				0112643E1BF3FB6800FBC8D7 /* Utils.swift in Sources */,
				0112643F1BF3FB6800FBC8D7 /* AppDelegate.swift in Sources */,
				019968E41BF98DEF00039E54 /* Random.swift in Sources */,
				019968E61BF98E4C00039E54 /* Rail.swift in Sources */,
				011264401BF3FB6800FBC8D7 /* Backgrounds.swift in Sources */,
				011264411BF3FB6800FBC8D7 /* Grounds.swift in Sources */,
			);
			runOnlyForDeploymentPostprocessing = 0;
		};
		015793801BF2597C0009D1F3 /* Sources */ = {
			isa = PBXSourcesBuildPhase;
			buildActionMask = 2147483647;
			files = (
				0157938C1BF2597C0009D1F3 /* GameScene.swift in Sources */,
				011263B51BF2B16A00FBC8D7 /* MidBG.swift in Sources */,
				011263B11BF2AB0200FBC8D7 /* Sidewalk.swift in Sources */,
				011263A91BF2932C00FBC8D7 /* GameManager.swift in Sources */,
				011263B71BF2B1CC00FBC8D7 /* FarBG.swift in Sources */,
				016B24B41BF8128A0031ABE4 /* Ledge.swift in Sources */,
				0157938E1BF2597C0009D1F3 /* GameViewController.swift in Sources */,
				0112639F1BF280B700FBC8D7 /* SKNodeUpdate.swift in Sources */,
				016B24B21BF80E9F0031ABE4 /* FireHydrant.swift in Sources */,
				011263D01BF2E2BE00FBC8D7 /* TopCollider.swift in Sources */,
				011263AD1BF2A7FF00FBC8D7 /* Ground.swift in Sources */,
				011263C11BF2C78A00FBC8D7 /* Building.swift in Sources */,
				011263AF1BF2A91300FBC8D7 /* Asphalt.swift in Sources */,
				011263A11BF2816100FBC8D7 /* Dumpster.swift in Sources */,
				011263AB1BF2A7F000FBC8D7 /* Background.swift in Sources */,
				011263D61BF3350300FBC8D7 /* Cloud.swift in Sources */,
				011263B31BF2AF9D00FBC8D7 /* FrontBG.swift in Sources */,
				011263BF1BF2C5DB00FBC8D7 /* Movable.swift in Sources */,
				011263A61BF2909A00FBC8D7 /* Player.swift in Sources */,
				0112639D1BF27E7400FBC8D7 /* Obstacle.swift in Sources */,
				016B24B01BF656DB0031ABE4 /* AudioManager.swift in Sources */,
				011263D41BF32CCB00FBC8D7 /* Tree.swift in Sources */,
				010F99111BFC63EA00B491F7 /* OnBoarding.swift in Sources */,
				011263D21BF327C000FBC8D7 /* Utils.swift in Sources */,
				015793881BF2597C0009D1F3 /* AppDelegate.swift in Sources */,
				016B24B61BF812BF0031ABE4 /* Rail.swift in Sources */,
				011263B91BF2B59D00FBC8D7 /* Backgrounds.swift in Sources */,
				019968E11BF9590B00039E54 /* Random.swift in Sources */,
				011263BB1BF2B88900FBC8D7 /* Grounds.swift in Sources */,
			);
			runOnlyForDeploymentPostprocessing = 0;
		};
/* End PBXSourcesBuildPhase section */

/* Begin PBXVariantGroup section */
		015793911BF2597C0009D1F3 /* Main.storyboard */ = {
			isa = PBXVariantGroup;
			children = (
				015793921BF2597C0009D1F3 /* Base */,
			);
			name = Main.storyboard;
			sourceTree = "<group>";
		};
/* End PBXVariantGroup section */

/* Begin XCBuildConfiguration section */
		0112644F1BF3FB6800FBC8D7 /* Debug */ = {
			isa = XCBuildConfiguration;
			buildSettings = {
				ASSETCATALOG_COMPILER_APPICON_NAME = AppIcon;
				CODE_SIGN_IDENTITY = "iPhone Developer";
				"CODE_SIGN_IDENTITY[sdk=appletvos*]" = "iPhone Developer";
				INFOPLIST_FILE = "$(SRCROOT)/RetroSkate/iphone.plist";
				IPHONEOS_DEPLOYMENT_TARGET = 9.0;
				LD_RUNPATH_SEARCH_PATHS = "$(inherited) @executable_path/Frameworks";
				ONLY_ACTIVE_ARCH = NO;
				PRODUCT_BUNDLE_IDENTIFIER = com.nibty.RetroSkate;
				PRODUCT_NAME = RetroSkate;
				PROVISIONING_PROFILE = "";
				SDKROOT = iphoneos9.1;
				TARGETED_DEVICE_FAMILY = "1,2";
			};
			name = Debug;
		};
		011264501BF3FB6800FBC8D7 /* Release */ = {
			isa = XCBuildConfiguration;
			buildSettings = {
				ASSETCATALOG_COMPILER_APPICON_NAME = AppIcon;
				CODE_SIGN_IDENTITY = "iPhone Developer";
				"CODE_SIGN_IDENTITY[sdk=appletvos*]" = "iPhone Developer";
				INFOPLIST_FILE = "$(SRCROOT)/RetroSkate/iphone.plist";
				IPHONEOS_DEPLOYMENT_TARGET = 9.0;
				LD_RUNPATH_SEARCH_PATHS = "$(inherited) @executable_path/Frameworks";
				ONLY_ACTIVE_ARCH = NO;
				PRODUCT_BUNDLE_IDENTIFIER = com.nibty.RetroSkate;
				PRODUCT_NAME = RetroSkate;
				PROVISIONING_PROFILE = "";
				SDKROOT = iphoneos9.1;
				TARGETED_DEVICE_FAMILY = "1,2";
			};
			name = Release;
		};
		015793971BF2597C0009D1F3 /* Debug */ = {
			isa = XCBuildConfiguration;
			buildSettings = {
				ALWAYS_SEARCH_USER_PATHS = NO;
				CLANG_CXX_LANGUAGE_STANDARD = "gnu++0x";
				CLANG_CXX_LIBRARY = "libc++";
				CLANG_ENABLE_MODULES = YES;
				CLANG_ENABLE_OBJC_ARC = YES;
				CLANG_WARN_BOOL_CONVERSION = YES;
				CLANG_WARN_CONSTANT_CONVERSION = YES;
				CLANG_WARN_DIRECT_OBJC_ISA_USAGE = YES_ERROR;
				CLANG_WARN_EMPTY_BODY = YES;
				CLANG_WARN_ENUM_CONVERSION = YES;
				CLANG_WARN_INT_CONVERSION = YES;
				CLANG_WARN_OBJC_ROOT_CLASS = YES_ERROR;
				CLANG_WARN_UNREACHABLE_CODE = YES;
				CLANG_WARN__DUPLICATE_METHOD_MATCH = YES;
				COPY_PHASE_STRIP = NO;
				DEBUG_INFORMATION_FORMAT = "dwarf-with-dsym";
				ENABLE_STRICT_OBJC_MSGSEND = YES;
				ENABLE_TESTABILITY = YES;
				GCC_C_LANGUAGE_STANDARD = gnu99;
				GCC_DYNAMIC_NO_PIC = NO;
				GCC_NO_COMMON_BLOCKS = YES;
				GCC_OPTIMIZATION_LEVEL = 0;
				GCC_PREPROCESSOR_DEFINITIONS = (
					"DEBUG=1",
					"$(inherited)",
				);
				GCC_WARN_64_TO_32_BIT_CONVERSION = YES;
				GCC_WARN_ABOUT_RETURN_TYPE = YES_ERROR;
				GCC_WARN_UNDECLARED_SELECTOR = YES;
				GCC_WARN_UNINITIALIZED_AUTOS = YES_AGGRESSIVE;
				GCC_WARN_UNUSED_FUNCTION = YES;
				GCC_WARN_UNUSED_VARIABLE = YES;
				MTL_ENABLE_DEBUG_INFO = YES;
				ONLY_ACTIVE_ARCH = YES;
				SDKROOT = appletvos;
				SWIFT_OPTIMIZATION_LEVEL = "-Onone";
				TARGETED_DEVICE_FAMILY = 3;
				TVOS_DEPLOYMENT_TARGET = 9.0;
			};
			name = Debug;
		};
		015793981BF2597C0009D1F3 /* Release */ = {
			isa = XCBuildConfiguration;
			buildSettings = {
				ALWAYS_SEARCH_USER_PATHS = NO;
				CLANG_CXX_LANGUAGE_STANDARD = "gnu++0x";
				CLANG_CXX_LIBRARY = "libc++";
				CLANG_ENABLE_MODULES = YES;
				CLANG_ENABLE_OBJC_ARC = YES;
				CLANG_WARN_BOOL_CONVERSION = YES;
				CLANG_WARN_CONSTANT_CONVERSION = YES;
				CLANG_WARN_DIRECT_OBJC_ISA_USAGE = YES_ERROR;
				CLANG_WARN_EMPTY_BODY = YES;
				CLANG_WARN_ENUM_CONVERSION = YES;
				CLANG_WARN_INT_CONVERSION = YES;
				CLANG_WARN_OBJC_ROOT_CLASS = YES_ERROR;
				CLANG_WARN_UNREACHABLE_CODE = YES;
				CLANG_WARN__DUPLICATE_METHOD_MATCH = YES;
				COPY_PHASE_STRIP = NO;
				DEBUG_INFORMATION_FORMAT = "dwarf-with-dsym";
				ENABLE_NS_ASSERTIONS = NO;
				ENABLE_STRICT_OBJC_MSGSEND = YES;
				GCC_C_LANGUAGE_STANDARD = gnu99;
				GCC_NO_COMMON_BLOCKS = YES;
				GCC_WARN_64_TO_32_BIT_CONVERSION = YES;
				GCC_WARN_ABOUT_RETURN_TYPE = YES_ERROR;
				GCC_WARN_UNDECLARED_SELECTOR = YES;
				GCC_WARN_UNINITIALIZED_AUTOS = YES_AGGRESSIVE;
				GCC_WARN_UNUSED_FUNCTION = YES;
				GCC_WARN_UNUSED_VARIABLE = YES;
				MTL_ENABLE_DEBUG_INFO = NO;
				SDKROOT = appletvos;
				TARGETED_DEVICE_FAMILY = 3;
				TVOS_DEPLOYMENT_TARGET = 9.0;
				VALIDATE_PRODUCT = YES;
			};
			name = Release;
		};
		0157939A1BF2597C0009D1F3 /* Debug */ = {
			isa = XCBuildConfiguration;
			buildSettings = {
				ASSETCATALOG_COMPILER_APPICON_NAME = "App Icon & Top Shelf Image";
				ASSETCATALOG_COMPILER_LAUNCHIMAGE_NAME = LaunchImage;
				CODE_SIGN_IDENTITY = "iPhone Developer";
				"CODE_SIGN_IDENTITY[sdk=appletvos*]" = "iPhone Developer";
				INFOPLIST_FILE = "$(SRCROOT)/RetroSkate/Info.plist";
				LD_RUNPATH_SEARCH_PATHS = "$(inherited) @executable_path/Frameworks";
				PRODUCT_BUNDLE_IDENTIFIER = com.nibty.RetroSkate;
				PRODUCT_NAME = RetroSkate;
				PROVISIONING_PROFILE = "";
			};
			name = Debug;
		};
		0157939B1BF2597C0009D1F3 /* Release */ = {
			isa = XCBuildConfiguration;
			buildSettings = {
				ASSETCATALOG_COMPILER_APPICON_NAME = "App Icon & Top Shelf Image";
				ASSETCATALOG_COMPILER_LAUNCHIMAGE_NAME = LaunchImage;
				CODE_SIGN_IDENTITY = "iPhone Developer";
				"CODE_SIGN_IDENTITY[sdk=appletvos*]" = "iPhone Developer";
				INFOPLIST_FILE = "$(SRCROOT)/RetroSkate/Info.plist";
				LD_RUNPATH_SEARCH_PATHS = "$(inherited) @executable_path/Frameworks";
				PRODUCT_BUNDLE_IDENTIFIER = com.nibty.RetroSkate;
				PRODUCT_NAME = RetroSkate;
				PROVISIONING_PROFILE = "";
				TVOS_DEPLOYMENT_TARGET = 9.0;
			};
			name = Release;
		};
/* End XCBuildConfiguration section */

/* Begin XCConfigurationList section */
		0112644E1BF3FB6800FBC8D7 /* Build configuration list for PBXNativeTarget "RetroSkate-Iphone" */ = {
			isa = XCConfigurationList;
			buildConfigurations = (
				0112644F1BF3FB6800FBC8D7 /* Debug */,
				011264501BF3FB6800FBC8D7 /* Release */,
			);
			defaultConfigurationIsVisible = 0;
			defaultConfigurationName = Release;
		};
		0157937F1BF2597C0009D1F3 /* Build configuration list for PBXProject "RetroSkate" */ = {
			isa = XCConfigurationList;
			buildConfigurations = (
				015793971BF2597C0009D1F3 /* Debug */,
				015793981BF2597C0009D1F3 /* Release */,
			);
			defaultConfigurationIsVisible = 0;
			defaultConfigurationName = Release;
		};
		015793991BF2597C0009D1F3 /* Build configuration list for PBXNativeTarget "RetroSkate" */ = {
			isa = XCConfigurationList;
			buildConfigurations = (
				0157939A1BF2597C0009D1F3 /* Debug */,
				0157939B1BF2597C0009D1F3 /* Release */,
			);
			defaultConfigurationIsVisible = 0;
			defaultConfigurationName = Release;
		};
/* End XCConfigurationList section */
	};
	rootObject = 0157937C1BF2597C0009D1F3 /* Project object */;
}
