// !$*UTF8*$!
{
	archiveVersion = 1;
	classes = {
	};
	objectVersion = 46;
	objects = {

/* Begin PBXBuildFile section */
		0112639D1BF27E7400FBC8D7 /* Obstacle.swift in Sources */ = {isa = PBXBuildFile; fileRef = 0112639C1BF27E7400FBC8D7 /* Obstacle.swift */; };
		0112639F1BF280B700FBC8D7 /* SKNodeUpdate.swift in Sources */ = {isa = PBXBuildFile; fileRef = 0112639E1BF280B700FBC8D7 /* SKNodeUpdate.swift */; };
		011263A11BF2816100FBC8D7 /* Dumpster.swift in Sources */ = {isa = PBXBuildFile; fileRef = 011263A01BF2816100FBC8D7 /* Dumpster.swift */; };
		011263A61BF2909A00FBC8D7 /* Player.swift in Sources */ = {isa = PBXBuildFile; fileRef = 011263A51BF2909A00FBC8D7 /* Player.swift */; };
		011263A91BF2932C00FBC8D7 /* GameManager.swift in Sources */ = {isa = PBXBuildFile; fileRef = 011263A81BF2932C00FBC8D7 /* GameManager.swift */; };
		011263AB1BF2A7F000FBC8D7 /* Background.swift in Sources */ = {isa = PBXBuildFile; fileRef = 011263AA1BF2A7F000FBC8D7 /* Background.swift */; };
		011263AD1BF2A7FF00FBC8D7 /* Ground.swift in Sources */ = {isa = PBXBuildFile; fileRef = 011263AC1BF2A7FF00FBC8D7 /* Ground.swift */; };
		011263AF1BF2A91300FBC8D7 /* Asphalt.swift in Sources */ = {isa = PBXBuildFile; fileRef = 011263AE1BF2A91300FBC8D7 /* Asphalt.swift */; };
		011263B11BF2AB0200FBC8D7 /* Sidewalk.swift in Sources */ = {isa = PBXBuildFile; fileRef = 011263B01BF2AB0200FBC8D7 /* Sidewalk.swift */; };
		011263B31BF2AF9D00FBC8D7 /* FrontBG.swift in Sources */ = {isa = PBXBuildFile; fileRef = 011263B21BF2AF9D00FBC8D7 /* FrontBG.swift */; };
		011263B51BF2B16A00FBC8D7 /* MidBG.swift in Sources */ = {isa = PBXBuildFile; fileRef = 011263B41BF2B16A00FBC8D7 /* MidBG.swift */; };
		011263B71BF2B1CC00FBC8D7 /* FarBG.swift in Sources */ = {isa = PBXBuildFile; fileRef = 011263B61BF2B1CC00FBC8D7 /* FarBG.swift */; };
		011263B91BF2B59D00FBC8D7 /* Backgrounds.swift in Sources */ = {isa = PBXBuildFile; fileRef = 011263B81BF2B59D00FBC8D7 /* Backgrounds.swift */; };
		011263BB1BF2B88900FBC8D7 /* Grounds.swift in Sources */ = {isa = PBXBuildFile; fileRef = 011263BA1BF2B88900FBC8D7 /* Grounds.swift */; };
		011263BF1BF2C5DB00FBC8D7 /* Movable.swift in Sources */ = {isa = PBXBuildFile; fileRef = 011263BE1BF2C5DB00FBC8D7 /* Movable.swift */; };
		011263C11BF2C78A00FBC8D7 /* Building.swift in Sources */ = {isa = PBXBuildFile; fileRef = 011263C01BF2C78A00FBC8D7 /* Building.swift */; };
		011263C91BF2DEA600FBC8D7 /* musicMain.wav in Resources */ = {isa = PBXBuildFile; fileRef = 011263C31BF2DEA600FBC8D7 /* musicMain.wav */; };
		011263CA1BF2DEA600FBC8D7 /* sfxButtonPress.wav in Resources */ = {isa = PBXBuildFile; fileRef = 011263C41BF2DEA600FBC8D7 /* sfxButtonPress.wav */; };
		011263CB1BF2DEA600FBC8D7 /* sfxCrash.wav in Resources */ = {isa = PBXBuildFile; fileRef = 011263C51BF2DEA600FBC8D7 /* sfxCrash.wav */; };
		011263CC1BF2DEA600FBC8D7 /* sfxGameOver.wav in Resources */ = {isa = PBXBuildFile; fileRef = 011263C61BF2DEA600FBC8D7 /* sfxGameOver.wav */; };
		011263CD1BF2DEA600FBC8D7 /* sfxOllie.wav in Resources */ = {isa = PBXBuildFile; fileRef = 011263C71BF2DEA600FBC8D7 /* sfxOllie.wav */; };
		011263CE1BF2DEA600FBC8D7 /* sfxSkateOrDie.wav in Resources */ = {isa = PBXBuildFile; fileRef = 011263C81BF2DEA600FBC8D7 /* sfxSkateOrDie.wav */; };
		011263D01BF2E2BE00FBC8D7 /* DumpsterTop.swift in Sources */ = {isa = PBXBuildFile; fileRef = 011263CF1BF2E2BE00FBC8D7 /* DumpsterTop.swift */; };
		015793881BF2597C0009D1F3 /* AppDelegate.swift in Sources */ = {isa = PBXBuildFile; fileRef = 015793871BF2597C0009D1F3 /* AppDelegate.swift */; };
		0157938A1BF2597C0009D1F3 /* GameScene.sks in Resources */ = {isa = PBXBuildFile; fileRef = 015793891BF2597C0009D1F3 /* GameScene.sks */; };
		0157938C1BF2597C0009D1F3 /* GameScene.swift in Sources */ = {isa = PBXBuildFile; fileRef = 0157938B1BF2597C0009D1F3 /* GameScene.swift */; };
		0157938E1BF2597C0009D1F3 /* GameViewController.swift in Sources */ = {isa = PBXBuildFile; fileRef = 0157938D1BF2597C0009D1F3 /* GameViewController.swift */; };
		015793901BF2597C0009D1F3 /* Game.xcassets in Resources */ = {isa = PBXBuildFile; fileRef = 0157938F1BF2597C0009D1F3 /* Game.xcassets */; };
		015793931BF2597C0009D1F3 /* Main.storyboard in Resources */ = {isa = PBXBuildFile; fileRef = 015793911BF2597C0009D1F3 /* Main.storyboard */; };
		015793951BF2597C0009D1F3 /* Assets.xcassets in Resources */ = {isa = PBXBuildFile; fileRef = 015793941BF2597C0009D1F3 /* Assets.xcassets */; };
/* End PBXBuildFile section */

/* Begin PBXFileReference section */
		0112639C1BF27E7400FBC8D7 /* Obstacle.swift */ = {isa = PBXFileReference; fileEncoding = 4; lastKnownFileType = sourcecode.swift; path = Obstacle.swift; sourceTree = "<group>"; };
		0112639E1BF280B700FBC8D7 /* SKNodeUpdate.swift */ = {isa = PBXFileReference; fileEncoding = 4; lastKnownFileType = sourcecode.swift; path = SKNodeUpdate.swift; sourceTree = "<group>"; };
		011263A01BF2816100FBC8D7 /* Dumpster.swift */ = {isa = PBXFileReference; fileEncoding = 4; lastKnownFileType = sourcecode.swift; path = Dumpster.swift; sourceTree = "<group>"; };
		011263A51BF2909A00FBC8D7 /* Player.swift */ = {isa = PBXFileReference; fileEncoding = 4; lastKnownFileType = sourcecode.swift; path = Player.swift; sourceTree = "<group>"; };
		011263A81BF2932C00FBC8D7 /* GameManager.swift */ = {isa = PBXFileReference; fileEncoding = 4; lastKnownFileType = sourcecode.swift; path = GameManager.swift; sourceTree = "<group>"; };
		011263AA1BF2A7F000FBC8D7 /* Background.swift */ = {isa = PBXFileReference; fileEncoding = 4; lastKnownFileType = sourcecode.swift; path = Background.swift; sourceTree = "<group>"; };
		011263AC1BF2A7FF00FBC8D7 /* Ground.swift */ = {isa = PBXFileReference; fileEncoding = 4; lastKnownFileType = sourcecode.swift; path = Ground.swift; sourceTree = "<group>"; };
		011263AE1BF2A91300FBC8D7 /* Asphalt.swift */ = {isa = PBXFileReference; fileEncoding = 4; lastKnownFileType = sourcecode.swift; path = Asphalt.swift; sourceTree = "<group>"; };
		011263B01BF2AB0200FBC8D7 /* Sidewalk.swift */ = {isa = PBXFileReference; fileEncoding = 4; lastKnownFileType = sourcecode.swift; path = Sidewalk.swift; sourceTree = "<group>"; };
		011263B21BF2AF9D00FBC8D7 /* FrontBG.swift */ = {isa = PBXFileReference; fileEncoding = 4; lastKnownFileType = sourcecode.swift; path = FrontBG.swift; sourceTree = "<group>"; };
		011263B41BF2B16A00FBC8D7 /* MidBG.swift */ = {isa = PBXFileReference; fileEncoding = 4; lastKnownFileType = sourcecode.swift; path = MidBG.swift; sourceTree = "<group>"; };
		011263B61BF2B1CC00FBC8D7 /* FarBG.swift */ = {isa = PBXFileReference; fileEncoding = 4; lastKnownFileType = sourcecode.swift; path = FarBG.swift; sourceTree = "<group>"; };
		011263B81BF2B59D00FBC8D7 /* Backgrounds.swift */ = {isa = PBXFileReference; fileEncoding = 4; lastKnownFileType = sourcecode.swift; path = Backgrounds.swift; sourceTree = "<group>"; };
		011263BA1BF2B88900FBC8D7 /* Grounds.swift */ = {isa = PBXFileReference; fileEncoding = 4; lastKnownFileType = sourcecode.swift; path = Grounds.swift; sourceTree = "<group>"; };
		011263BE1BF2C5DB00FBC8D7 /* Movable.swift */ = {isa = PBXFileReference; fileEncoding = 4; lastKnownFileType = sourcecode.swift; path = Movable.swift; sourceTree = "<group>"; };
		011263C01BF2C78A00FBC8D7 /* Building.swift */ = {isa = PBXFileReference; fileEncoding = 4; lastKnownFileType = sourcecode.swift; path = Building.swift; sourceTree = "<group>"; };
		011263C31BF2DEA600FBC8D7 /* musicMain.wav */ = {isa = PBXFileReference; lastKnownFileType = audio.wav; name = musicMain.wav; path = "../../../Downloads/retro-skate-assets/Audio/musicMain.wav"; sourceTree = "<group>"; };
		011263C41BF2DEA600FBC8D7 /* sfxButtonPress.wav */ = {isa = PBXFileReference; lastKnownFileType = audio.wav; name = sfxButtonPress.wav; path = "../../../Downloads/retro-skate-assets/Audio/sfxButtonPress.wav"; sourceTree = "<group>"; };
		011263C51BF2DEA600FBC8D7 /* sfxCrash.wav */ = {isa = PBXFileReference; lastKnownFileType = audio.wav; name = sfxCrash.wav; path = "../../../Downloads/retro-skate-assets/Audio/sfxCrash.wav"; sourceTree = "<group>"; };
		011263C61BF2DEA600FBC8D7 /* sfxGameOver.wav */ = {isa = PBXFileReference; lastKnownFileType = audio.wav; name = sfxGameOver.wav; path = "../../../Downloads/retro-skate-assets/Audio/sfxGameOver.wav"; sourceTree = "<group>"; };
		011263C71BF2DEA600FBC8D7 /* sfxOllie.wav */ = {isa = PBXFileReference; lastKnownFileType = audio.wav; name = sfxOllie.wav; path = "../../../Downloads/retro-skate-assets/Audio/sfxOllie.wav"; sourceTree = "<group>"; };
		011263C81BF2DEA600FBC8D7 /* sfxSkateOrDie.wav */ = {isa = PBXFileReference; lastKnownFileType = audio.wav; name = sfxSkateOrDie.wav; path = "../../../Downloads/retro-skate-assets/Audio/sfxSkateOrDie.wav"; sourceTree = "<group>"; };
		011263CF1BF2E2BE00FBC8D7 /* DumpsterTop.swift */ = {isa = PBXFileReference; fileEncoding = 4; lastKnownFileType = sourcecode.swift; path = DumpsterTop.swift; sourceTree = "<group>"; };
		015793841BF2597C0009D1F3 /* Game.app */ = {isa = PBXFileReference; explicitFileType = wrapper.application; includeInIndex = 0; path = Game.app; sourceTree = BUILT_PRODUCTS_DIR; };
		015793871BF2597C0009D1F3 /* AppDelegate.swift */ = {isa = PBXFileReference; lastKnownFileType = sourcecode.swift; path = AppDelegate.swift; sourceTree = "<group>"; };
		015793891BF2597C0009D1F3 /* GameScene.sks */ = {isa = PBXFileReference; lastKnownFileType = file.sks; path = GameScene.sks; sourceTree = "<group>"; };
		0157938B1BF2597C0009D1F3 /* GameScene.swift */ = {isa = PBXFileReference; lastKnownFileType = sourcecode.swift; path = GameScene.swift; sourceTree = "<group>"; };
		0157938D1BF2597C0009D1F3 /* GameViewController.swift */ = {isa = PBXFileReference; lastKnownFileType = sourcecode.swift; path = GameViewController.swift; sourceTree = "<group>"; };
		0157938F1BF2597C0009D1F3 /* Game.xcassets */ = {isa = PBXFileReference; lastKnownFileType = folder.assetcatalog; path = Game.xcassets; sourceTree = "<group>"; };
		015793921BF2597C0009D1F3 /* Base */ = {isa = PBXFileReference; lastKnownFileType = file.storyboard; name = Base; path = Base.lproj/Main.storyboard; sourceTree = "<group>"; };
		015793941BF2597C0009D1F3 /* Assets.xcassets */ = {isa = PBXFileReference; lastKnownFileType = folder.assetcatalog; path = Assets.xcassets; sourceTree = "<group>"; };
		015793961BF2597C0009D1F3 /* Info.plist */ = {isa = PBXFileReference; lastKnownFileType = text.plist.xml; path = Info.plist; sourceTree = "<group>"; };
/* End PBXFileReference section */

/* Begin PBXFrameworksBuildPhase section */
		015793811BF2597C0009D1F3 /* Frameworks */ = {
			isa = PBXFrameworksBuildPhase;
			buildActionMask = 2147483647;
			files = (
			);
			runOnlyForDeploymentPostprocessing = 0;
		};
/* End PBXFrameworksBuildPhase section */

/* Begin PBXGroup section */
		011263A21BF2827E00FBC8D7 /* GameObjects */ = {
			isa = PBXGroup;
			children = (
				011263BD1BF2C55400FBC8D7 /* Ground */,
				011263BC1BF2C53B00FBC8D7 /* Background */,
				0112639C1BF27E7400FBC8D7 /* Obstacle.swift */,
				011263C01BF2C78A00FBC8D7 /* Building.swift */,
				011263A01BF2816100FBC8D7 /* Dumpster.swift */,
				011263A51BF2909A00FBC8D7 /* Player.swift */,
				011263BE1BF2C5DB00FBC8D7 /* Movable.swift */,
				011263CF1BF2E2BE00FBC8D7 /* DumpsterTop.swift */,
			);
			name = GameObjects;
			sourceTree = "<group>";
		};
		011263A31BF2828E00FBC8D7 /* Extensions */ = {
			isa = PBXGroup;
			children = (
				0112639E1BF280B700FBC8D7 /* SKNodeUpdate.swift */,
			);
			name = Extensions;
			sourceTree = "<group>";
		};
		011263A41BF2829B00FBC8D7 /* Scenes */ = {
			isa = PBXGroup;
			children = (
				015793891BF2597C0009D1F3 /* GameScene.sks */,
				0157938B1BF2597C0009D1F3 /* GameScene.swift */,
			);
			name = Scenes;
			sourceTree = "<group>";
		};
		011263A71BF2931D00FBC8D7 /* Services */ = {
			isa = PBXGroup;
			children = (
				011263A81BF2932C00FBC8D7 /* GameManager.swift */,
			);
			name = Services;
			sourceTree = "<group>";
		};
		011263BC1BF2C53B00FBC8D7 /* Background */ = {
			isa = PBXGroup;
			children = (
				011263AA1BF2A7F000FBC8D7 /* Background.swift */,
				011263B21BF2AF9D00FBC8D7 /* FrontBG.swift */,
				011263B41BF2B16A00FBC8D7 /* MidBG.swift */,
				011263B61BF2B1CC00FBC8D7 /* FarBG.swift */,
				011263B81BF2B59D00FBC8D7 /* Backgrounds.swift */,
			);
			name = Background;
			sourceTree = "<group>";
		};
		011263BD1BF2C55400FBC8D7 /* Ground */ = {
			isa = PBXGroup;
			children = (
				011263AC1BF2A7FF00FBC8D7 /* Ground.swift */,
				011263AE1BF2A91300FBC8D7 /* Asphalt.swift */,
				011263B01BF2AB0200FBC8D7 /* Sidewalk.swift */,
				011263BA1BF2B88900FBC8D7 /* Grounds.swift */,
			);
			name = Ground;
			sourceTree = "<group>";
		};
		011263C21BF2DE9700FBC8D7 /* Audio */ = {
			isa = PBXGroup;
			children = (
				011263C31BF2DEA600FBC8D7 /* musicMain.wav */,
				011263C41BF2DEA600FBC8D7 /* sfxButtonPress.wav */,
				011263C51BF2DEA600FBC8D7 /* sfxCrash.wav */,
				011263C61BF2DEA600FBC8D7 /* sfxGameOver.wav */,
				011263C71BF2DEA600FBC8D7 /* sfxOllie.wav */,
				011263C81BF2DEA600FBC8D7 /* sfxSkateOrDie.wav */,
			);
			name = Audio;
			sourceTree = "<group>";
		};
		0157937B1BF2597C0009D1F3 = {
			isa = PBXGroup;
			children = (
				015793861BF2597C0009D1F3 /* Game */,
				015793851BF2597C0009D1F3 /* Products */,
			);
			sourceTree = "<group>";
		};
		015793851BF2597C0009D1F3 /* Products */ = {
			isa = PBXGroup;
			children = (
				015793841BF2597C0009D1F3 /* Game.app */,
			);
			name = Products;
			sourceTree = "<group>";
		};
		015793861BF2597C0009D1F3 /* Game */ = {
			isa = PBXGroup;
			children = (
				011263C21BF2DE9700FBC8D7 /* Audio */,
				011263A71BF2931D00FBC8D7 /* Services */,
				011263A41BF2829B00FBC8D7 /* Scenes */,
				011263A31BF2828E00FBC8D7 /* Extensions */,
				011263A21BF2827E00FBC8D7 /* GameObjects */,
				015793871BF2597C0009D1F3 /* AppDelegate.swift */,
				0157938D1BF2597C0009D1F3 /* GameViewController.swift */,
				0157938F1BF2597C0009D1F3 /* Game.xcassets */,
				015793911BF2597C0009D1F3 /* Main.storyboard */,
				015793941BF2597C0009D1F3 /* Assets.xcassets */,
				015793961BF2597C0009D1F3 /* Info.plist */,
			);
			path = Game;
			sourceTree = "<group>";
		};
/* End PBXGroup section */

/* Begin PBXNativeTarget section */
		015793831BF2597C0009D1F3 /* Game */ = {
			isa = PBXNativeTarget;
			buildConfigurationList = 015793991BF2597C0009D1F3 /* Build configuration list for PBXNativeTarget "Game" */;
			buildPhases = (
				015793801BF2597C0009D1F3 /* Sources */,
				015793811BF2597C0009D1F3 /* Frameworks */,
				015793821BF2597C0009D1F3 /* Resources */,
			);
			buildRules = (
			);
			dependencies = (
			);
			name = Game;
			productName = Game;
			productReference = 015793841BF2597C0009D1F3 /* Game.app */;
			productType = "com.apple.product-type.application";
		};
/* End PBXNativeTarget section */

/* Begin PBXProject section */
		0157937C1BF2597C0009D1F3 /* Project object */ = {
			isa = PBXProject;
			attributes = {
				LastSwiftUpdateCheck = 0710;
				LastUpgradeCheck = 0710;
				ORGANIZATIONNAME = "Nicholas Pettas";
				TargetAttributes = {
					015793831BF2597C0009D1F3 = {
						CreatedOnToolsVersion = 7.1;
						DevelopmentTeam = BSCV69Q3EV;
					};
				};
			};
			buildConfigurationList = 0157937F1BF2597C0009D1F3 /* Build configuration list for PBXProject "Game" */;
			compatibilityVersion = "Xcode 3.2";
			developmentRegion = English;
			hasScannedForEncodings = 0;
			knownRegions = (
				en,
				Base,
			);
			mainGroup = 0157937B1BF2597C0009D1F3;
			productRefGroup = 015793851BF2597C0009D1F3 /* Products */;
			projectDirPath = "";
			projectRoot = "";
			targets = (
				015793831BF2597C0009D1F3 /* Game */,
			);
		};
/* End PBXProject section */

/* Begin PBXResourcesBuildPhase section */
		015793821BF2597C0009D1F3 /* Resources */ = {
			isa = PBXResourcesBuildPhase;
			buildActionMask = 2147483647;
			files = (
				011263CA1BF2DEA600FBC8D7 /* sfxButtonPress.wav in Resources */,
				011263CB1BF2DEA600FBC8D7 /* sfxCrash.wav in Resources */,
				011263CC1BF2DEA600FBC8D7 /* sfxGameOver.wav in Resources */,
				011263CE1BF2DEA600FBC8D7 /* sfxSkateOrDie.wav in Resources */,
				015793931BF2597C0009D1F3 /* Main.storyboard in Resources */,
				0157938A1BF2597C0009D1F3 /* GameScene.sks in Resources */,
				011263CD1BF2DEA600FBC8D7 /* sfxOllie.wav in Resources */,
				015793951BF2597C0009D1F3 /* Assets.xcassets in Resources */,
				011263C91BF2DEA600FBC8D7 /* musicMain.wav in Resources */,
				015793901BF2597C0009D1F3 /* Game.xcassets in Resources */,
			);
			runOnlyForDeploymentPostprocessing = 0;
		};
/* End PBXResourcesBuildPhase section */

/* Begin PBXSourcesBuildPhase section */
		015793801BF2597C0009D1F3 /* Sources */ = {
			isa = PBXSourcesBuildPhase;
			buildActionMask = 2147483647;
			files = (
				0157938C1BF2597C0009D1F3 /* GameScene.swift in Sources */,
				011263B51BF2B16A00FBC8D7 /* MidBG.swift in Sources */,
				011263B11BF2AB0200FBC8D7 /* Sidewalk.swift in Sources */,
				011263A91BF2932C00FBC8D7 /* GameManager.swift in Sources */,
				011263B71BF2B1CC00FBC8D7 /* FarBG.swift in Sources */,
				0157938E1BF2597C0009D1F3 /* GameViewController.swift in Sources */,
				0112639F1BF280B700FBC8D7 /* SKNodeUpdate.swift in Sources */,
				011263D01BF2E2BE00FBC8D7 /* DumpsterTop.swift in Sources */,
				011263AD1BF2A7FF00FBC8D7 /* Ground.swift in Sources */,
				011263C11BF2C78A00FBC8D7 /* Building.swift in Sources */,
				011263AF1BF2A91300FBC8D7 /* Asphalt.swift in Sources */,
				011263A11BF2816100FBC8D7 /* Dumpster.swift in Sources */,
				011263AB1BF2A7F000FBC8D7 /* Background.swift in Sources */,
				011263B31BF2AF9D00FBC8D7 /* FrontBG.swift in Sources */,
				011263BF1BF2C5DB00FBC8D7 /* Movable.swift in Sources */,
				011263A61BF2909A00FBC8D7 /* Player.swift in Sources */,
				0112639D1BF27E7400FBC8D7 /* Obstacle.swift in Sources */,
				015793881BF2597C0009D1F3 /* AppDelegate.swift in Sources */,
				011263B91BF2B59D00FBC8D7 /* Backgrounds.swift in Sources */,
				011263BB1BF2B88900FBC8D7 /* Grounds.swift in Sources */,
			);
			runOnlyForDeploymentPostprocessing = 0;
		};
/* End PBXSourcesBuildPhase section */

/* Begin PBXVariantGroup section */
		015793911BF2597C0009D1F3 /* Main.storyboard */ = {
			isa = PBXVariantGroup;
			children = (
				015793921BF2597C0009D1F3 /* Base */,
			);
			name = Main.storyboard;
			sourceTree = "<group>";
		};
/* End PBXVariantGroup section */

/* Begin XCBuildConfiguration section */
		015793971BF2597C0009D1F3 /* Debug */ = {
			isa = XCBuildConfiguration;
			buildSettings = {
				ALWAYS_SEARCH_USER_PATHS = NO;
				CLANG_CXX_LANGUAGE_STANDARD = "gnu++0x";
				CLANG_CXX_LIBRARY = "libc++";
				CLANG_ENABLE_MODULES = YES;
				CLANG_ENABLE_OBJC_ARC = YES;
				CLANG_WARN_BOOL_CONVERSION = YES;
				CLANG_WARN_CONSTANT_CONVERSION = YES;
				CLANG_WARN_DIRECT_OBJC_ISA_USAGE = YES_ERROR;
				CLANG_WARN_EMPTY_BODY = YES;
				CLANG_WARN_ENUM_CONVERSION = YES;
				CLANG_WARN_INT_CONVERSION = YES;
				CLANG_WARN_OBJC_ROOT_CLASS = YES_ERROR;
				CLANG_WARN_UNREACHABLE_CODE = YES;
				CLANG_WARN__DUPLICATE_METHOD_MATCH = YES;
				COPY_PHASE_STRIP = NO;
				DEBUG_INFORMATION_FORMAT = "dwarf-with-dsym";
				ENABLE_STRICT_OBJC_MSGSEND = YES;
				ENABLE_TESTABILITY = YES;
				GCC_C_LANGUAGE_STANDARD = gnu99;
				GCC_DYNAMIC_NO_PIC = NO;
				GCC_NO_COMMON_BLOCKS = YES;
				GCC_OPTIMIZATION_LEVEL = 0;
				GCC_PREPROCESSOR_DEFINITIONS = (
					"DEBUG=1",
					"$(inherited)",
				);
				GCC_WARN_64_TO_32_BIT_CONVERSION = YES;
				GCC_WARN_ABOUT_RETURN_TYPE = YES_ERROR;
				GCC_WARN_UNDECLARED_SELECTOR = YES;
				GCC_WARN_UNINITIALIZED_AUTOS = YES_AGGRESSIVE;
				GCC_WARN_UNUSED_FUNCTION = YES;
				GCC_WARN_UNUSED_VARIABLE = YES;
				MTL_ENABLE_DEBUG_INFO = YES;
				ONLY_ACTIVE_ARCH = YES;
				SDKROOT = appletvos;
				SWIFT_OPTIMIZATION_LEVEL = "-Onone";
				TARGETED_DEVICE_FAMILY = 3;
				TVOS_DEPLOYMENT_TARGET = 9.0;
			};
			name = Debug;
		};
		015793981BF2597C0009D1F3 /* Release */ = {
			isa = XCBuildConfiguration;
			buildSettings = {
				ALWAYS_SEARCH_USER_PATHS = NO;
				CLANG_CXX_LANGUAGE_STANDARD = "gnu++0x";
				CLANG_CXX_LIBRARY = "libc++";
				CLANG_ENABLE_MODULES = YES;
				CLANG_ENABLE_OBJC_ARC = YES;
				CLANG_WARN_BOOL_CONVERSION = YES;
				CLANG_WARN_CONSTANT_CONVERSION = YES;
				CLANG_WARN_DIRECT_OBJC_ISA_USAGE = YES_ERROR;
				CLANG_WARN_EMPTY_BODY = YES;
				CLANG_WARN_ENUM_CONVERSION = YES;
				CLANG_WARN_INT_CONVERSION = YES;
				CLANG_WARN_OBJC_ROOT_CLASS = YES_ERROR;
				CLANG_WARN_UNREACHABLE_CODE = YES;
				CLANG_WARN__DUPLICATE_METHOD_MATCH = YES;
				COPY_PHASE_STRIP = NO;
				DEBUG_INFORMATION_FORMAT = "dwarf-with-dsym";
				ENABLE_NS_ASSERTIONS = NO;
				ENABLE_STRICT_OBJC_MSGSEND = YES;
				GCC_C_LANGUAGE_STANDARD = gnu99;
				GCC_NO_COMMON_BLOCKS = YES;
				GCC_WARN_64_TO_32_BIT_CONVERSION = YES;
				GCC_WARN_ABOUT_RETURN_TYPE = YES_ERROR;
				GCC_WARN_UNDECLARED_SELECTOR = YES;
				GCC_WARN_UNINITIALIZED_AUTOS = YES_AGGRESSIVE;
				GCC_WARN_UNUSED_FUNCTION = YES;
				GCC_WARN_UNUSED_VARIABLE = YES;
				MTL_ENABLE_DEBUG_INFO = NO;
				SDKROOT = appletvos;
				TARGETED_DEVICE_FAMILY = 3;
				TVOS_DEPLOYMENT_TARGET = 9.0;
				VALIDATE_PRODUCT = YES;
			};
			name = Release;
		};
		0157939A1BF2597C0009D1F3 /* Debug */ = {
			isa = XCBuildConfiguration;
			buildSettings = {
				ASSETCATALOG_COMPILER_APPICON_NAME = "App Icon & Top Shelf Image";
				ASSETCATALOG_COMPILER_LAUNCHIMAGE_NAME = LaunchImage;
				CODE_SIGN_IDENTITY = "iPhone Developer";
				"CODE_SIGN_IDENTITY[sdk=appletvos*]" = "iPhone Developer";
				INFOPLIST_FILE = Game/Info.plist;
				LD_RUNPATH_SEARCH_PATHS = "$(inherited) @executable_path/Frameworks";
				PRODUCT_BUNDLE_IDENTIFIER = com.nibty.Game;
				PRODUCT_NAME = "$(TARGET_NAME)";
				PROVISIONING_PROFILE = "";
			};
			name = Debug;
		};
		0157939B1BF2597C0009D1F3 /* Release */ = {
			isa = XCBuildConfiguration;
			buildSettings = {
				ASSETCATALOG_COMPILER_APPICON_NAME = "App Icon & Top Shelf Image";
				ASSETCATALOG_COMPILER_LAUNCHIMAGE_NAME = LaunchImage;
				CODE_SIGN_IDENTITY = "iPhone Developer";
				"CODE_SIGN_IDENTITY[sdk=appletvos*]" = "iPhone Developer";
				INFOPLIST_FILE = Game/Info.plist;
				LD_RUNPATH_SEARCH_PATHS = "$(inherited) @executable_path/Frameworks";
				PRODUCT_BUNDLE_IDENTIFIER = com.nibty.Game;
				PRODUCT_NAME = "$(TARGET_NAME)";
				PROVISIONING_PROFILE = "";
			};
			name = Release;
		};
/* End XCBuildConfiguration section */

/* Begin XCConfigurationList section */
		0157937F1BF2597C0009D1F3 /* Build configuration list for PBXProject "Game" */ = {
			isa = XCConfigurationList;
			buildConfigurations = (
				015793971BF2597C0009D1F3 /* Debug */,
				015793981BF2597C0009D1F3 /* Release */,
			);
			defaultConfigurationIsVisible = 0;
			defaultConfigurationName = Release;
		};
		015793991BF2597C0009D1F3 /* Build configuration list for PBXNativeTarget "Game" */ = {
			isa = XCConfigurationList;
			buildConfigurations = (
				0157939A1BF2597C0009D1F3 /* Debug */,
				0157939B1BF2597C0009D1F3 /* Release */,
			);
			defaultConfigurationIsVisible = 0;
			defaultConfigurationName = Release;
		};
/* End XCConfigurationList section */
	};
	rootObject = 0157937C1BF2597C0009D1F3 /* Project object */;
}
